{
  "name": "typescript",
  "version": "1.0.0",
  "lockfileVersion": 2,
  "requires": true,
  "packages": {
    "": {
      "name": "typescript",
      "version": "1.0.0",
      "license": "MIT",
      "dependencies": {
        "smiles-drawer": "^2.1.7"
      },
      "devDependencies": {
        "typescript": "^4.9.5"
      }
    },
    "node_modules/chroma-js": {
      "version": "2.4.2",
      "resolved": "https://registry.npmjs.org/chroma-js/-/chroma-js-2.4.2.tgz",
      "integrity": "sha512-U9eDw6+wt7V8z5NncY2jJfZa+hUH8XEj8FQHgFJTrUFnJfXYf4Ml4adI2vXZOjqRDpFWtYVWypDfZwnJ+HIR4A=="
    },
    "node_modules/smiles-drawer": {
      "version": "2.1.7",
      "resolved": "https://registry.npmjs.org/smiles-drawer/-/smiles-drawer-2.1.7.tgz",
      "integrity": "sha512-gApm5tsWrAYDkjbGYQb5OhwIyHvtM2kIO40DfATaOV0DPm0wA63yn4Ow7us27BT49lDdU9busCOPN9fpyonzaA==",
      "dependencies": {
        "chroma-js": "^2.4.2"
      }
    },
    "node_modules/typescript": {
      "version": "4.9.5",
      "resolved": "https://registry.npmjs.org/typescript/-/typescript-4.9.5.tgz",
      "integrity": "sha512-1FXk9E2Hm+QzZQ7z+McJiHL4NW1F2EzMu9Nq9i3zAaGqibafqYwCVU6WyWAuyQRRzOlxou8xZSyXLEN8oKj24g==",
      "dev": true,
      "bin": {
        "tsc": "bin/tsc",
        "tsserver": "bin/tsserver"
      },
      "engines": {
        "node": ">=4.2.0"
      }
    }
  },
  "dependencies": {
    "chroma-js": {
      "version": "2.4.2",
      "resolved": "https://registry.npmjs.org/chroma-js/-/chroma-js-2.4.2.tgz",
      "integrity": "sha512-U9eDw6+wt7V8z5NncY2jJfZa+hUH8XEj8FQHgFJTrUFnJfXYf4Ml4adI2vXZOjqRDpFWtYVWypDfZwnJ+HIR4A=="
    },
    "smiles-drawer": {
      "version": "2.1.7",
      "resolved": "https://registry.npmjs.org/smiles-drawer/-/smiles-drawer-2.1.7.tgz",
      "integrity": "sha512-gApm5tsWrAYDkjbGYQb5OhwIyHvtM2kIO40DfATaOV0DPm0wA63yn4Ow7us27BT49lDdU9busCOPN9fpyonzaA==",
      "requires": {
        "chroma-js": "^2.4.2"
      }
    },
    "typescript": {
      "version": "4.9.5",
      "resolved": "https://registry.npmjs.org/typescript/-/typescript-4.9.5.tgz",
      "integrity": "sha512-1FXk9E2Hm+QzZQ7z+McJiHL4NW1F2EzMu9Nq9i3zAaGqibafqYwCVU6WyWAuyQRRzOlxou8xZSyXLEN8oKj24g==",
      "dev": true
    }
  }
}
